hash: d37550fe8a0431c56f457db1c48475150248cd509f1e22da26194e0c08416cf3
updated: 2019-12-27T14:24:00.295445171-08:00
imports:
- name: golang.org/x/net
  version: c0dbc17a35534bf2e581d7a942408dc936316da4
  subpackages:
  - context
  - http/httpguts
  - http2
  - http2/h2c
  - http2/hpack
  - idna
testImports:
- name: github.com/davecgh/go-spew
  version: d8f796af33cc11cb798c1aaeb27a4ebc5099927d
  subpackages:
  - spew
- name: github.com/pmezard/go-difflib
  version: 5d4384ee4fb2527b0a1256a821ebfc92f91efefc
  subpackages:
  - difflib
- name: github.com/stretchr/testify
  version: 221dbe5ed46703ee255b1da0dec05086f5035f62
  subpackages:
  - assert
  - require
- name: golang.org/x/text
  version: cbf43d21aaebfdfeb81d91a5f444d13a3046e686
  subpackages:
  - secure/bidirule
  - transform
  - unicode/bidi
  - unicode/norm
- name: gopkg.in/yaml.v2
  version: 1f64d6156d11335c3f22d9330b0ad14fc1e789ce
